http:
  middlewares:
    geoblock-badies:
      plugin:
        geoblock:
          silentStartUp: false
          allowLocalRequests: true
          logLocalRequests: false
          logAllowedRequests: true
          logApiRequests: true
          api: "https://get.geojs.io/v1/ip/country/{ip}"
          apiTimeoutMs: 750                                 # optional
          cacheSize: 15
          forceMonthlyUpdate: true
          ipGeolocationHttpHeaderField: cf-ipcountry
          allowUnknownCountries: false
          unknownCountryApiResponse: "nil"
          blackListMode: true
          XForwardedForReverseProxy: true
          countries:
            - CH
            - RU
            - IN
            - CN
