http:
  middlewares:
    geoblock-badies:
      plugin:
        geoblock:
          silentStartUp: false
          allowLocalRequests: true
          logLocalRequests: false
          logAllowedRequests: true
          logApiRequests: false
          api: "https://get.geojs.io/v1/ip/country/{ip}"
          apiTimeoutMs: 5000
          cacheSize: 10000
          forceMonthlyUpdate: true
          ignoreApiTimeout: true
          ipGeolocationHttpHeaderField: cf-ipcountry
          allowUnknownCountries: false
          unknownCountryApiResponse: "nil"
          blackListMode: true
          XForwardedForReverseProxy: true
          countries:
            - CH
            - RU
            - IN
            - CN
